
Microsoft Visual Studio Solution File, Format Version 12.00
# Visual Studio Version 17
VisualStudioVersion = 17.9.34714.143
MinimumVisualStudioVersion = 10.0.40219.1
Project("{FAE04EC0-301F-11D3-BF4B-00C04F79EFBC}") = "cacheImplementation", "cacheImplementation\cacheImplementation.csproj", "{0825EE3F-32F6-48AE-8416-D1C666A3A342}"
EndProject
Global
	GlobalSection(SolutionConfigurationPlatforms) = preSolution
		Debug|Any CPU = Debug|Any CPU
		Release|Any CPU = Release|Any CPU
	EndGlobalSection
	GlobalSection(ProjectConfigurationPlatforms) = postSolution
		{0825EE3F-32F6-48AE-8416-D1C666A3A342}.Debug|Any CPU.ActiveCfg = Debug|Any CPU
		{0825EE3F-32F6-48AE-8416-D1C666A3A342}.Debug|Any CPU.Build.0 = Debug|Any CPU
		{0825EE3F-32F6-48AE-8416-D1C666A3A342}.Release|Any CPU.ActiveCfg = Release|Any CPU
		{0825EE3F-32F6-48AE-8416-D1C666A3A342}.Release|Any CPU.Build.0 = Release|Any CPU
	EndGlobalSection
	GlobalSection(SolutionProperties) = preSolution
		HideSolutionNode = FALSE
	EndGlobalSection
	GlobalSection(ExtensibilityGlobals) = postSolution
		SolutionGuid = {2EA06E5B-C021-4185-AB32-4EE9FCBEBA8F}
	EndGlobalSection
EndGlobal
